// !$*UTF8*$!
{
	archiveVersion = 1;
	classes = {
	};
	objectVersion = 46;
	objects = {

/* Begin PBXBuildFile section */
		58758D271A082A6F00393206 /* stamp.jpg in Resources */ = {isa = PBXBuildFile; fileRef = 58758D261A082A6F00393206 /* stamp.jpg */; };
		58758D291A082A7B00393206 /* BlueLagoon.jpg in Resources */ = {isa = PBXBuildFile; fileRef = 58758D281A082A7B00393206 /* BlueLagoon.jpg */; };
		588B827919F06F8700C76C4F /* AppDelegate.swift in Sources */ = {isa = PBXBuildFile; fileRef = 588B827819F06F8700C76C4F /* AppDelegate.swift */; };
		588B827B19F06F8700C76C4F /* ViewController.swift in Sources */ = {isa = PBXBuildFile; fileRef = 588B827A19F06F8700C76C4F /* ViewController.swift */; };
		588B827E19F06F8700C76C4F /* Main.storyboard in Resources */ = {isa = PBXBuildFile; fileRef = 588B827C19F06F8700C76C4F /* Main.storyboard */; };
		588B828019F06F8700C76C4F /* Images.xcassets in Resources */ = {isa = PBXBuildFile; fileRef = 588B827F19F06F8700C76C4F /* Images.xcassets */; };
		588B828319F06F8700C76C4F /* LaunchScreen.xib in Resources */ = {isa = PBXBuildFile; fileRef = 588B828119F06F8700C76C4F /* LaunchScreen.xib */; };
		588B828F19F06F8700C76C4F /* PostcardTests.swift in Sources */ = {isa = PBXBuildFile; fileRef = 588B828E19F06F8700C76C4F /* PostcardTests.swift */; };
/* End PBXBuildFile section */

/* Begin PBXContainerItemProxy section */
		588B828919F06F8700C76C4F /* PBXContainerItemProxy */ = {
			isa = PBXContainerItemProxy;
			containerPortal = 588B826B19F06F8700C76C4F /* Project object */;
			proxyType = 1;
			remoteGlobalIDString = 588B827219F06F8700C76C4F;
			remoteInfo = Postcard;
		};
/* End PBXContainerItemProxy section */

/* Begin PBXFileReference section */
		58758D261A082A6F00393206 /* stamp.jpg */ = {isa = PBXFileReference; lastKnownFileType = image.jpeg; path = stamp.jpg; sourceTree = "<group>"; };
		58758D281A082A7B00393206 /* BlueLagoon.jpg */ = {isa = PBXFileReference; lastKnownFileType = image.jpeg; path = BlueLagoon.jpg; sourceTree = "<group>"; };
		588B827319F06F8700C76C4F /* Postcard.app */ = {isa = PBXFileReference; explicitFileType = wrapper.application; includeInIndex = 0; path = Postcard.app; sourceTree = BUILT_PRODUCTS_DIR; };
		588B827719F06F8700C76C4F /* Info.plist */ = {isa = PBXFileReference; lastKnownFileType = text.plist.xml; path = Info.plist; sourceTree = "<group>"; };
		588B827819F06F8700C76C4F /* AppDelegate.swift */ = {isa = PBXFileReference; lastKnownFileType = sourcecode.swift; path = AppDelegate.swift; sourceTree = "<group>"; };
		588B827A19F06F8700C76C4F /* ViewController.swift */ = {isa = PBXFileReference; lastKnownFileType = sourcecode.swift; path = ViewController.swift; sourceTree = "<group>"; };
		588B827D19F06F8700C76C4F /* Base */ = {isa = PBXFileReference; lastKnownFileType = file.storyboard; name = Base; path = Base.lproj/Main.storyboard; sourceTree = "<group>"; };
		588B827F19F06F8700C76C4F /* Images.xcassets */ = {isa = PBXFileReference; lastKnownFileType = folder.assetcatalog; path = Images.xcassets; sourceTree = "<group>"; };
		588B828219F06F8700C76C4F /* Base */ = {isa = PBXFileReference; lastKnownFileType = file.xib; name = Base; path = Base.lproj/LaunchScreen.xib; sourceTree = "<group>"; };
		588B828819F06F8700C76C4F /* PostcardTests.xctest */ = {isa = PBXFileReference; explicitFileType = wrapper.cfbundle; includeInIndex = 0; path = PostcardTests.xctest; sourceTree = BUILT_PRODUCTS_DIR; };
		588B828D19F06F8700C76C4F /* Info.plist */ = {isa = PBXFileReference; lastKnownFileType = text.plist.xml; path = Info.plist; sourceTree = "<group>"; };
		588B828E19F06F8700C76C4F /* PostcardTests.swift */ = {isa = PBXFileReference; lastKnownFileType = sourcecode.swift; path = PostcardTests.swift; sourceTree = "<group>"; };
/* End PBXFileReference section */

/* Begin PBXFrameworksBuildPhase section */
		588B827019F06F8700C76C4F /* Frameworks */ = {
			isa = PBXFrameworksBuildPhase;
			buildActionMask = 2147483647;
			files = (
			);
			runOnlyForDeploymentPostprocessing = 0;
		};
		588B828519F06F8700C76C4F /* Frameworks */ = {
			isa = PBXFrameworksBuildPhase;
			buildActionMask = 2147483647;
			files = (
			);
			runOnlyForDeploymentPostprocessing = 0;
		};
/* End PBXFrameworksBuildPhase section */

/* Begin PBXGroup section */
		588B826A19F06F8700C76C4F = {
			isa = PBXGroup;
			children = (
				588B827519F06F8700C76C4F /* Postcard */,
				588B828B19F06F8700C76C4F /* PostcardTests */,
				588B827419F06F8700C76C4F /* Products */,
			);
			sourceTree = "<group>";
		};
		588B827419F06F8700C76C4F /* Products */ = {
			isa = PBXGroup;
			children = (
				588B827319F06F8700C76C4F /* Postcard.app */,
				588B828819F06F8700C76C4F /* PostcardTests.xctest */,
			);
			name = Products;
			sourceTree = "<group>";
		};
		588B827519F06F8700C76C4F /* Postcard */ = {
			isa = PBXGroup;
			children = (
				588B827819F06F8700C76C4F /* AppDelegate.swift */,
				588B827A19F06F8700C76C4F /* ViewController.swift */,
				588B827C19F06F8700C76C4F /* Main.storyboard */,
				588B827F19F06F8700C76C4F /* Images.xcassets */,
				588B828119F06F8700C76C4F /* LaunchScreen.xib */,
				588B827619F06F8700C76C4F /* Supporting Files */,
			);
			path = Postcard;
			sourceTree = "<group>";
		};
		588B827619F06F8700C76C4F /* Supporting Files */ = {
			isa = PBXGroup;
			children = (
				58758D281A082A7B00393206 /* BlueLagoon.jpg */,
				58758D261A082A6F00393206 /* stamp.jpg */,
				588B827719F06F8700C76C4F /* Info.plist */,
			);
			name = "Supporting Files";
			sourceTree = "<group>";
		};
		588B828B19F06F8700C76C4F /* PostcardTests */ = {
			isa = PBXGroup;
			children = (
				588B828E19F06F8700C76C4F /* PostcardTests.swift */,
				588B828C19F06F8700C76C4F /* Supporting Files */,
			);
			path = PostcardTests;
			sourceTree = "<group>";
		};
		588B828C19F06F8700C76C4F /* Supporting Files */ = {
			isa = PBXGroup;
			children = (
				588B828D19F06F8700C76C4F /* Info.plist */,
			);
			name = "Supporting Files";
			sourceTree = "<group>";
		};
/* End PBXGroup section */

/* Begin PBXNativeTarget section */
		588B827219F06F8700C76C4F /* Postcard */ = {
			isa = PBXNativeTarget;
			buildConfigurationList = 588B829219F06F8700C76C4F /* Build configuration list for PBXNativeTarget "Postcard" */;
			buildPhases = (
				588B826F19F06F8700C76C4F /* Sources */,
				588B827019F06F8700C76C4F /* Frameworks */,
				588B827119F06F8700C76C4F /* Resources */,
			);
			buildRules = (
			);
			dependencies = (
			);
			name = Postcard;
			productName = Postcard;
			productReference = 588B827319F06F8700C76C4F /* Postcard.app */;
			productType = "com.apple.product-type.application";
		};
		588B828719F06F8700C76C4F /* PostcardTests */ = {
			isa = PBXNativeTarget;
			buildConfigurationList = 588B829519F06F8700C76C4F /* Build configuration list for PBXNativeTarget "PostcardTests" */;
			buildPhases = (
				588B828419F06F8700C76C4F /* Sources */,
				588B828519F06F8700C76C4F /* Frameworks */,
				588B828619F06F8700C76C4F /* Resources */,
			);
			buildRules = (
			);
			dependencies = (
				588B828A19F06F8700C76C4F /* PBXTargetDependency */,
			);
			name = PostcardTests;
			productName = PostcardTests;
			productReference = 588B828819F06F8700C76C4F /* PostcardTests.xctest */;
			productType = "com.apple.product-type.bundle.unit-test";
		};
/* End PBXNativeTarget section */

/* Begin PBXProject section */
		588B826B19F06F8700C76C4F /* Project object */ = {
			isa = PBXProject;
			attributes = {
				LastUpgradeCheck = 0600;
				ORGANIZATIONNAME = "David Gibbs";
				TargetAttributes = {
					588B827219F06F8700C76C4F = {
						CreatedOnToolsVersion = 6.0.1;
					};
					588B828719F06F8700C76C4F = {
						CreatedOnToolsVersion = 6.0.1;
						TestTargetID = 588B827219F06F8700C76C4F;
					};
				};
			};
			buildConfigurationList = 588B826E19F06F8700C76C4F /* Build configuration list for PBXProject "Postcard" */;
			compatibilityVersion = "Xcode 3.2";
			developmentRegion = English;
			hasScannedForEncodings = 0;
			knownRegions = (
				en,
				Base,
			);
			mainGroup = 588B826A19F06F8700C76C4F;
			productRefGroup = 588B827419F06F8700C76C4F /* Products */;
			projectDirPath = "";
			projectRoot = "";
			targets = (
				588B827219F06F8700C76C4F /* Postcard */,
				588B828719F06F8700C76C4F /* PostcardTests */,
			);
		};
/* End PBXProject section */

/* Begin PBXResourcesBuildPhase section */
		588B827119F06F8700C76C4F /* Resources */ = {
			isa = PBXResourcesBuildPhase;
			buildActionMask = 2147483647;
			files = (
				588B827E19F06F8700C76C4F /* Main.storyboard in Resources */,
				58758D271A082A6F00393206 /* stamp.jpg in Resources */,
				58758D291A082A7B00393206 /* BlueLagoon.jpg in Resources */,
				588B828319F06F8700C76C4F /* LaunchScreen.xib in Resources */,
				588B828019F06F8700C76C4F /* Images.xcassets in Resources */,
			);
			runOnlyForDeploymentPostprocessing = 0;
		};
		588B828619F06F8700C76C4F /* Resources */ = {
			isa = PBXResourcesBuildPhase;
			buildActionMask = 2147483647;
			files = (
			);
			runOnlyForDeploymentPostprocessing = 0;
		};
/* End PBXResourcesBuildPhase section */

/* Begin PBXSourcesBuildPhase section */
		588B826F19F06F8700C76C4F /* Sources */ = {
			isa = PBXSourcesBuildPhase;
			buildActionMask = 2147483647;
			files = (
				588B827B19F06F8700C76C4F /* ViewController.swift in Sources */,
				588B827919F06F8700C76C4F /* AppDelegate.swift in Sources */,
			);
			runOnlyForDeploymentPostprocessing = 0;
		};
		588B828419F06F8700C76C4F /* Sources */ = {
			isa = PBXSourcesBuildPhase;
			buildActionMask = 2147483647;
			files = (
				588B828F19F06F8700C76C4F /* PostcardTests.swift in Sources */,
			);
			runOnlyForDeploymentPostprocessing = 0;
		};
/* End PBXSourcesBuildPhase section */

/* Begin PBXTargetDependency section */
		588B828A19F06F8700C76C4F /* PBXTargetDependency */ = {
			isa = PBXTargetDependency;
			target = 588B827219F06F8700C76C4F /* Postcard */;
			targetProxy = 588B828919F06F8700C76C4F /* PBXContainerItemProxy */;
		};
/* End PBXTargetDependency section */

/* Begin PBXVariantGroup section */
		588B827C19F06F8700C76C4F /* Main.storyboard */ = {
			isa = PBXVariantGroup;
			children = (
				588B827D19F06F8700C76C4F /* Base */,
			);
			name = Main.storyboard;
			sourceTree = "<group>";
		};
		588B828119F06F8700C76C4F /* LaunchScreen.xib */ = {
			isa = PBXVariantGroup;
			children = (
				588B828219F06F8700C76C4F /* Base */,
			);
			name = LaunchScreen.xib;
			sourceTree = "<group>";
		};
/* End PBXVariantGroup section */

/* Begin XCBuildConfiguration section */
		588B829019F06F8700C76C4F /* Debug */ = {
			isa = XCBuildConfiguration;
			buildSettings = {
				ALWAYS_SEARCH_USER_PATHS = NO;
				CLANG_CXX_LANGUAGE_STANDARD = "gnu++0x";
				CLANG_CXX_LIBRARY = "libc++";
				CLANG_ENABLE_MODULES = YES;
				CLANG_ENABLE_OBJC_ARC = YES;
				CLANG_WARN_BOOL_CONVERSION = YES;
				CLANG_WARN_CONSTANT_CONVERSION = YES;
				CLANG_WARN_DIRECT_OBJC_ISA_USAGE = YES_ERROR;
				CLANG_WARN_EMPTY_BODY = YES;
				CLANG_WARN_ENUM_CONVERSION = YES;
				CLANG_WARN_INT_CONVERSION = YES;
				CLANG_WARN_OBJC_ROOT_CLASS = YES_ERROR;
				CLANG_WARN_UNREACHABLE_CODE = YES;
				CLANG_WARN__DUPLICATE_METHOD_MATCH = YES;
				"CODE_SIGN_IDENTITY[sdk=iphoneos*]" = "iPhone Developer";
				COPY_PHASE_STRIP = NO;
				ENABLE_STRICT_OBJC_MSGSEND = YES;
				GCC_C_LANGUAGE_STANDARD = gnu99;
				GCC_DYNAMIC_NO_PIC = NO;
				GCC_OPTIMIZATION_LEVEL = 0;
				GCC_PREPROCESSOR_DEFINITIONS = (
					"DEBUG=1",
					"$(inherited)",
				);
				GCC_SYMBOLS_PRIVATE_EXTERN = NO;
				GCC_WARN_64_TO_32_BIT_CONVERSION = YES;
				GCC_WARN_ABOUT_RETURN_TYPE = YES_ERROR;
				GCC_WARN_UNDECLARED_SELECTOR = YES;
				GCC_WARN_UNINITIALIZED_AUTOS = YES_AGGRESSIVE;
				GCC_WARN_UNUSED_FUNCTION = YES;
				GCC_WARN_UNUSED_VARIABLE = YES;
				IPHONEOS_DEPLOYMENT_TARGET = 8.0;
				MTL_ENABLE_DEBUG_INFO = YES;
				ONLY_ACTIVE_ARCH = YES;
				SDKROOT = iphoneos;
				SWIFT_OPTIMIZATION_LEVEL = "-Onone";
				TARGETED_DEVICE_FAMILY = "1,2";
			};
			name = Debug;
		};
		588B829119F06F8700C76C4F /* Release */ = {
			isa = XCBuildConfiguration;
			buildSettings = {
				ALWAYS_SEARCH_USER_PATHS = NO;
				CLANG_CXX_LANGUAGE_STANDARD = "gnu++0x";
				CLANG_CXX_LIBRARY = "libc++";
				CLANG_ENABLE_MODULES = YES;
				CLANG_ENABLE_OBJC_ARC = YES;
				CLANG_WARN_BOOL_CONVERSION = YES;
				CLANG_WARN_CONSTANT_CONVERSION = YES;
				CLANG_WARN_DIRECT_OBJC_ISA_USAGE = YES_ERROR;
				CLANG_WARN_EMPTY_BODY = YES;
				CLANG_WARN_ENUM_CONVERSION = YES;
				CLANG_WARN_INT_CONVERSION = YES;
				CLANG_WARN_OBJC_ROOT_CLASS = YES_ERROR;
				CLANG_WARN_UNREACHABLE_CODE = YES;
				CLANG_WARN__DUPLICATE_METHOD_MATCH = YES;
				"CODE_SIGN_IDENTITY[sdk=iphoneos*]" = "iPhone Developer";
				COPY_PHASE_STRIP = YES;
				ENABLE_NS_ASSERTIONS = NO;
				ENABLE_STRICT_OBJC_MSGSEND = YES;
				GCC_C_LANGUAGE_STANDARD = gnu99;
				GCC_WARN_64_TO_32_BIT_CONVERSION = YES;
				GCC_WARN_ABOUT_RETURN_TYPE = YES_ERROR;
				GCC_WARN_UNDECLARED_SELECTOR = YES;
				GCC_WARN_UNINITIALIZED_AUTOS = YES_AGGRESSIVE;
				GCC_WARN_UNUSED_FUNCTION = YES;
				GCC_WARN_UNUSED_VARIABLE = YES;
				IPHONEOS_DEPLOYMENT_TARGET = 8.0;
				MTL_ENABLE_DEBUG_INFO = NO;
				SDKROOT = iphoneos;
				TARGETED_DEVICE_FAMILY = "1,2";
				VALIDATE_PRODUCT = YES;
			};
			name = Release;
		};
		588B829319F06F8700C76C4F /* Debug */ = {
			isa = XCBuildConfiguration;
			buildSettings = {
				ASSETCATALOG_COMPILER_APPICON_NAME = AppIcon;
				INFOPLIST_FILE = Postcard/Info.plist;
				LD_RUNPATH_SEARCH_PATHS = "$(inherited) @executable_path/Frameworks";
				PRODUCT_NAME = "$(TARGET_NAME)";
			};
			name = Debug;
		};
		588B829419F06F8700C76C4F /* Release */ = {
			isa = XCBuildConfiguration;
			buildSettings = {
				ASSETCATALOG_COMPILER_APPICON_NAME = AppIcon;
				INFOPLIST_FILE = Postcard/Info.plist;
				LD_RUNPATH_SEARCH_PATHS = "$(inherited) @executable_path/Frameworks";
				PRODUCT_NAME = "$(TARGET_NAME)";
			};
			name = Release;
		};
		588B829619F06F8700C76C4F /* Debug */ = {
			isa = XCBuildConfiguration;
			buildSettings = {
				BUNDLE_LOADER = "$(TEST_HOST)";
				FRAMEWORK_SEARCH_PATHS = (
					"$(SDKROOT)/Developer/Library/Frameworks",
					"$(inherited)",
				);
				GCC_PREPROCESSOR_DEFINITIONS = (
					"DEBUG=1",
					"$(inherited)",
				);
				INFOPLIST_FILE = PostcardTests/Info.plist;
				LD_RUNPATH_SEARCH_PATHS = "$(inherited) @executable_path/Frameworks @loader_path/Frameworks";
				PRODUCT_NAME = "$(TARGET_NAME)";
				TEST_HOST = "$(BUILT_PRODUCTS_DIR)/Postcard.app/Postcard";
			};
			name = Debug;
		};
		588B829719F06F8700C76C4F /* Release */ = {
			isa = XCBuildConfiguration;
			buildSettings = {
				BUNDLE_LOADER = "$(TEST_HOST)";
				FRAMEWORK_SEARCH_PATHS = (
					"$(SDKROOT)/Developer/Library/Frameworks",
					"$(inherited)",
				);
				INFOPLIST_FILE = PostcardTests/Info.plist;
				LD_RUNPATH_SEARCH_PATHS = "$(inherited) @executable_path/Frameworks @loader_path/Frameworks";
				PRODUCT_NAME = "$(TARGET_NAME)";
				TEST_HOST = "$(BUILT_PRODUCTS_DIR)/Postcard.app/Postcard";
			};
			name = Release;
		};
/* End XCBuildConfiguration section */

/* Begin XCConfigurationList section */
		588B826E19F06F8700C76C4F /* Build configuration list for PBXProject "Postcard" */ = {
			isa = XCConfigurationList;
			buildConfigurations = (
				588B829019F06F8700C76C4F /* Debug */,
				588B829119F06F8700C76C4F /* Release */,
			);
			defaultConfigurationIsVisible = 0;
			defaultConfigurationName = Release;
		};
		588B829219F06F8700C76C4F /* Build configuration list for PBXNativeTarget "Postcard" */ = {
			isa = XCConfigurationList;
			buildConfigurations = (
				588B829319F06F8700C76C4F /* Debug */,
				588B829419F06F8700C76C4F /* Release */,
			);
			defaultConfigurationIsVisible = 0;
			defaultConfigurationName = Release;
		};
		588B829519F06F8700C76C4F /* Build configuration list for PBXNativeTarget "PostcardTests" */ = {
			isa = XCConfigurationList;
			buildConfigurations = (
				588B829619F06F8700C76C4F /* Debug */,
				588B829719F06F8700C76C4F /* Release */,
			);
			defaultConfigurationIsVisible = 0;
			defaultConfigurationName = Release;
		};
/* End XCConfigurationList section */
	};
	rootObject = 588B826B19F06F8700C76C4F /* Project object */;
}
